# This file is autogenerated, do not edit; changes may be undone by the next 'dep ensure'.


[[projects]]
  name = "github.com/gofrs/uuid"
  packages = ["."]
  revision = "370558f003bfe29580cd0f698d8640daccdcc45c"
  version = "v3.1.1"

[[projects]]
  name = "github.com/qntfy/jsonparser"
  packages = ["."]
  revision = "107e2122799875b4d01959e04eb2c4d0f4c9bca5"
  version = "v1.0.2"

[[projects]]
  name = "github.com/qntfy/kazaam"
  packages = [
    ".",
    "transform"
  ]
  revision = "e6f7e792633c041a95c388a0617f518399133ec3"
  version = "v3.4.7"

[solve-meta]
  analyzer-name = "dep"
  analyzer-version = 1
  inputs-digest = "9cea71f809ffd5247efe1e1e8868bbd8c7c8970fa61e1472942ca404b624a563"
  solver-name = "gps-cdcl"
  solver-version = 1
